// !$*UTF8*$!
{
	archiveVersion = 1;
	classes = {
	};
	objectVersion = 51;
	objects = {

/* Begin PBXBuildFile section */
		1F67A7312976707800907A91 /* AppDelegate.swift in Sources */ = {isa = PBXBuildFile; fileRef = 1F67A7302976707800907A91 /* AppDelegate.swift */; };
		1F67A7332976707800907A91 /* SceneDelegate.swift in Sources */ = {isa = PBXBuildFile; fileRef = 1F67A7322976707800907A91 /* SceneDelegate.swift */; };
		1F67A7352976707800907A91 /* ViewController.swift in Sources */ = {isa = PBXBuildFile; fileRef = 1F67A7342976707800907A91 /* ViewController.swift */; };
		1F67A7382976707800907A91 /* Main.storyboard in Resources */ = {isa = PBXBuildFile; fileRef = 1F67A7362976707800907A91 /* Main.storyboard */; };
		1F67A73A2976707A00907A91 /* Assets.xcassets in Resources */ = {isa = PBXBuildFile; fileRef = 1F67A7392976707A00907A91 /* Assets.xcassets */; };
		1F67A73D2976707A00907A91 /* LaunchScreen.storyboard in Resources */ = {isa = PBXBuildFile; fileRef = 1F67A73B2976707A00907A91 /* LaunchScreen.storyboard */; };
		1F67A74629767C0C00907A91 /* DataModel.swift in Sources */ = {isa = PBXBuildFile; fileRef = 1F67A74529767C0C00907A91 /* DataModel.swift */; };
		1F67A74A2976907B00907A91 /* ImagesCVC.swift in Sources */ = {isa = PBXBuildFile; fileRef = 1F67A7482976907B00907A91 /* ImagesCVC.swift */; };
		1F67A74B2976907B00907A91 /* ImagesCVC.xib in Resources */ = {isa = PBXBuildFile; fileRef = 1F67A7492976907B00907A91 /* ImagesCVC.xib */; };
		1F67A74E2976908E00907A91 /* ColorsCVC.swift in Sources */ = {isa = PBXBuildFile; fileRef = 1F67A74C2976908E00907A91 /* ColorsCVC.swift */; };
		1F67A74F2976908E00907A91 /* ColorsCVC.xib in Resources */ = {isa = PBXBuildFile; fileRef = 1F67A74D2976908E00907A91 /* ColorsCVC.xib */; };
		1F67A7512976915D00907A91 /* ExtensionManager.swift in Sources */ = {isa = PBXBuildFile; fileRef = 1F67A7502976915D00907A91 /* ExtensionManager.swift */; };
		1F67A7552977C70500907A91 /* ImageDetailViewController.swift in Sources */ = {isa = PBXBuildFile; fileRef = 1F67A7542977C70500907A91 /* ImageDetailViewController.swift */; };
		F7EC5161A5DE93830B8B32E4 /* Pods_ShoppingApp.framework in Frameworks */ = {isa = PBXBuildFile; fileRef = 410E42F07DAC31BDF711A048 /* Pods_ShoppingApp.framework */; };
/* End PBXBuildFile section */

/* Begin PBXFileReference section */
		06DED8DF6805D4F68ED3C1DC /* Pods-ShoppingApp.debug.xcconfig */ = {isa = PBXFileReference; includeInIndex = 1; lastKnownFileType = text.xcconfig; name = "Pods-ShoppingApp.debug.xcconfig"; path = "Target Support Files/Pods-ShoppingApp/Pods-ShoppingApp.debug.xcconfig"; sourceTree = "<group>"; };
		1F67A72D2976707800907A91 /* ShoppingApp.app */ = {isa = PBXFileReference; explicitFileType = wrapper.application; includeInIndex = 0; path = ShoppingApp.app; sourceTree = BUILT_PRODUCTS_DIR; };
		1F67A7302976707800907A91 /* AppDelegate.swift */ = {isa = PBXFileReference; lastKnownFileType = sourcecode.swift; path = AppDelegate.swift; sourceTree = "<group>"; };
		1F67A7322976707800907A91 /* SceneDelegate.swift */ = {isa = PBXFileReference; lastKnownFileType = sourcecode.swift; path = SceneDelegate.swift; sourceTree = "<group>"; };
		1F67A7342976707800907A91 /* ViewController.swift */ = {isa = PBXFileReference; lastKnownFileType = sourcecode.swift; path = ViewController.swift; sourceTree = "<group>"; };
		1F67A7372976707800907A91 /* Base */ = {isa = PBXFileReference; lastKnownFileType = file.storyboard; name = Base; path = Base.lproj/Main.storyboard; sourceTree = "<group>"; };
		1F67A7392976707A00907A91 /* Assets.xcassets */ = {isa = PBXFileReference; lastKnownFileType = folder.assetcatalog; path = Assets.xcassets; sourceTree = "<group>"; };
		1F67A73C2976707A00907A91 /* Base */ = {isa = PBXFileReference; lastKnownFileType = file.storyboard; name = Base; path = Base.lproj/LaunchScreen.storyboard; sourceTree = "<group>"; };
		1F67A73E2976707A00907A91 /* Info.plist */ = {isa = PBXFileReference; lastKnownFileType = text.plist.xml; path = Info.plist; sourceTree = "<group>"; };
		1F67A74529767C0C00907A91 /* DataModel.swift */ = {isa = PBXFileReference; lastKnownFileType = sourcecode.swift; path = DataModel.swift; sourceTree = "<group>"; };
		1F67A7482976907B00907A91 /* ImagesCVC.swift */ = {isa = PBXFileReference; lastKnownFileType = sourcecode.swift; path = ImagesCVC.swift; sourceTree = "<group>"; };
		1F67A7492976907B00907A91 /* ImagesCVC.xib */ = {isa = PBXFileReference; lastKnownFileType = file.xib; path = ImagesCVC.xib; sourceTree = "<group>"; };
		1F67A74C2976908E00907A91 /* ColorsCVC.swift */ = {isa = PBXFileReference; lastKnownFileType = sourcecode.swift; path = ColorsCVC.swift; sourceTree = "<group>"; };
		1F67A74D2976908E00907A91 /* ColorsCVC.xib */ = {isa = PBXFileReference; lastKnownFileType = file.xib; path = ColorsCVC.xib; sourceTree = "<group>"; };
		1F67A7502976915D00907A91 /* ExtensionManager.swift */ = {isa = PBXFileReference; lastKnownFileType = sourcecode.swift; path = ExtensionManager.swift; sourceTree = "<group>"; };
		1F67A7542977C70500907A91 /* ImageDetailViewController.swift */ = {isa = PBXFileReference; lastKnownFileType = sourcecode.swift; path = ImageDetailViewController.swift; sourceTree = "<group>"; };
		410E42F07DAC31BDF711A048 /* Pods_ShoppingApp.framework */ = {isa = PBXFileReference; explicitFileType = wrapper.framework; includeInIndex = 0; path = Pods_ShoppingApp.framework; sourceTree = BUILT_PRODUCTS_DIR; };
		D958E4691DDF5342D4341A4C /* Pods-ShoppingApp.release.xcconfig */ = {isa = PBXFileReference; includeInIndex = 1; lastKnownFileType = text.xcconfig; name = "Pods-ShoppingApp.release.xcconfig"; path = "Target Support Files/Pods-ShoppingApp/Pods-ShoppingApp.release.xcconfig"; sourceTree = "<group>"; };
/* End PBXFileReference section */

/* Begin PBXFrameworksBuildPhase section */
		1F67A72A2976707800907A91 /* Frameworks */ = {
			isa = PBXFrameworksBuildPhase;
			buildActionMask = 2147483647;
			files = (
				F7EC5161A5DE93830B8B32E4 /* Pods_ShoppingApp.framework in Frameworks */,
			);
			runOnlyForDeploymentPostprocessing = 0;
		};
/* End PBXFrameworksBuildPhase section */

/* Begin PBXGroup section */
		1F34DF8D29791932001CEF4E /* View */ = {
			isa = PBXGroup;
			children = (
				1F67A7482976907B00907A91 /* ImagesCVC.swift */,
				1F67A7492976907B00907A91 /* ImagesCVC.xib */,
				1F67A74C2976908E00907A91 /* ColorsCVC.swift */,
				1F67A74D2976908E00907A91 /* ColorsCVC.xib */,
			);
			path = View;
			sourceTree = "<group>";
		};
		1F34DF8E297919AB001CEF4E /* Controller */ = {
			isa = PBXGroup;
			children = (
				1F67A7342976707800907A91 /* ViewController.swift */,
				1F67A7542977C70500907A91 /* ImageDetailViewController.swift */,
				1F67A7502976915D00907A91 /* ExtensionManager.swift */,
			);
			path = Controller;
			sourceTree = "<group>";
		};
		1F67A7242976707800907A91 = {
			isa = PBXGroup;
			children = (
				1F67A72F2976707800907A91 /* ShoppingApp */,
				1F67A72E2976707800907A91 /* Products */,
				FE9E43428B900920E9EA393E /* Pods */,
				B0F5D3439B728B9AE2665EA5 /* Frameworks */,
			);
			sourceTree = "<group>";
		};
		1F67A72E2976707800907A91 /* Products */ = {
			isa = PBXGroup;
			children = (
				1F67A72D2976707800907A91 /* ShoppingApp.app */,
			);
			name = Products;
			sourceTree = "<group>";
		};
		1F67A72F2976707800907A91 /* ShoppingApp */ = {
			isa = PBXGroup;
			children = (
				1F67A74429767A7300907A91 /* Model */,
				1F34DF8D29791932001CEF4E /* View */,
				1F34DF8E297919AB001CEF4E /* Controller */,
				1F67A7302976707800907A91 /* AppDelegate.swift */,
				1F67A7322976707800907A91 /* SceneDelegate.swift */,
				1F67A7362976707800907A91 /* Main.storyboard */,
				1F67A73B2976707A00907A91 /* LaunchScreen.storyboard */,
				1F67A7392976707A00907A91 /* Assets.xcassets */,
				1F67A73E2976707A00907A91 /* Info.plist */,
			);
			path = ShoppingApp;
			sourceTree = "<group>";
		};
		1F67A74429767A7300907A91 /* Model */ = {
			isa = PBXGroup;
			children = (
				1F67A74529767C0C00907A91 /* DataModel.swift */,
			);
			path = Model;
			sourceTree = "<group>";
		};
		B0F5D3439B728B9AE2665EA5 /* Frameworks */ = {
			isa = PBXGroup;
			children = (
				410E42F07DAC31BDF711A048 /* Pods_ShoppingApp.framework */,
			);
			name = Frameworks;
			sourceTree = "<group>";
		};
		FE9E43428B900920E9EA393E /* Pods */ = {
			isa = PBXGroup;
			children = (
				06DED8DF6805D4F68ED3C1DC /* Pods-ShoppingApp.debug.xcconfig */,
				D958E4691DDF5342D4341A4C /* Pods-ShoppingApp.release.xcconfig */,
			);
			path = Pods;
			sourceTree = "<group>";
		};
/* End PBXGroup section */

/* Begin PBXNativeTarget section */
		1F67A72C2976707800907A91 /* ShoppingApp */ = {
			isa = PBXNativeTarget;
			buildConfigurationList = 1F67A7412976707A00907A91 /* Build configuration list for PBXNativeTarget "ShoppingApp" */;
			buildPhases = (
				8CC90D9167C68E3121EA854F /* [CP] Check Pods Manifest.lock */,
				1F67A7292976707800907A91 /* Sources */,
				1F67A72A2976707800907A91 /* Frameworks */,
				1F67A72B2976707800907A91 /* Resources */,
				AA8501B167D6D0ADD20CDE9E /* [CP] Embed Pods Frameworks */,
			);
			buildRules = (
			);
			dependencies = (
			);
			name = ShoppingApp;
			productName = ShoppingApp;
			productReference = 1F67A72D2976707800907A91 /* ShoppingApp.app */;
			productType = "com.apple.product-type.application";
		};
/* End PBXNativeTarget section */

/* Begin PBXProject section */
		1F67A7252976707800907A91 /* Project object */ = {
			isa = PBXProject;
			attributes = {
				LastSwiftUpdateCheck = 1250;
				LastUpgradeCheck = 1250;
				TargetAttributes = {
					1F67A72C2976707800907A91 = {
						CreatedOnToolsVersion = 12.5;
					};
				};
			};
			buildConfigurationList = 1F67A7282976707800907A91 /* Build configuration list for PBXProject "ShoppingApp" */;
			compatibilityVersion = "Xcode 9.3";
			developmentRegion = en;
			hasScannedForEncodings = 0;
			knownRegions = (
				en,
				Base,
			);
			mainGroup = 1F67A7242976707800907A91;
			productRefGroup = 1F67A72E2976707800907A91 /* Products */;
			projectDirPath = "";
			projectRoot = "";
			targets = (
				1F67A72C2976707800907A91 /* ShoppingApp */,
			);
		};
/* End PBXProject section */

/* Begin PBXResourcesBuildPhase section */
		1F67A72B2976707800907A91 /* Resources */ = {
			isa = PBXResourcesBuildPhase;
			buildActionMask = 2147483647;
			files = (
				1F67A74B2976907B00907A91 /* ImagesCVC.xib in Resources */,
				1F67A74F2976908E00907A91 /* ColorsCVC.xib in Resources */,
				1F67A73D2976707A00907A91 /* LaunchScreen.storyboard in Resources */,
				1F67A73A2976707A00907A91 /* Assets.xcassets in Resources */,
				1F67A7382976707800907A91 /* Main.storyboard in Resources */,
			);
			runOnlyForDeploymentPostprocessing = 0;
		};
/* End PBXResourcesBuildPhase section */

/* Begin PBXShellScriptBuildPhase section */
		8CC90D9167C68E3121EA854F /* [CP] Check Pods Manifest.lock */ = {
			isa = PBXShellScriptBuildPhase;
			buildActionMask = 2147483647;
			files = (
			);
			inputFileListPaths = (
			);
			inputPaths = (
				"${PODS_PODFILE_DIR_PATH}/Podfile.lock",
				"${PODS_ROOT}/Manifest.lock",
			);
			name = "[CP] Check Pods Manifest.lock";
			outputFileListPaths = (
			);
			outputPaths = (
				"$(DERIVED_FILE_DIR)/Pods-ShoppingApp-checkManifestLockResult.txt",
			);
			runOnlyForDeploymentPostprocessing = 0;
			shellPath = /bin/sh;
			shellScript = "diff \"${PODS_PODFILE_DIR_PATH}/Podfile.lock\" \"${PODS_ROOT}/Manifest.lock\" > /dev/null\nif [ $? != 0 ] ; then\n    # print error to STDERR\n    echo \"error: The sandbox is not in sync with the Podfile.lock. Run 'pod install' or update your CocoaPods installation.\" >&2\n    exit 1\nfi\n# This output is used by Xcode 'outputs' to avoid re-running this script phase.\necho \"SUCCESS\" > \"${SCRIPT_OUTPUT_FILE_0}\"\n";
			showEnvVarsInLog = 0;
		};
		AA8501B167D6D0ADD20CDE9E /* [CP] Embed Pods Frameworks */ = {
			isa = PBXShellScriptBuildPhase;
			buildActionMask = 2147483647;
			files = (
			);
			inputFileListPaths = (
				"${PODS_ROOT}/Target Support Files/Pods-ShoppingApp/Pods-ShoppingApp-frameworks-${CONFIGURATION}-input-files.xcfilelist",
			);
			name = "[CP] Embed Pods Frameworks";
			outputFileListPaths = (
				"${PODS_ROOT}/Target Support Files/Pods-ShoppingApp/Pods-ShoppingApp-frameworks-${CONFIGURATION}-output-files.xcfilelist",
			);
			runOnlyForDeploymentPostprocessing = 0;
			shellPath = /bin/sh;
			shellScript = "\"${PODS_ROOT}/Target Support Files/Pods-ShoppingApp/Pods-ShoppingApp-frameworks.sh\"\n";
			showEnvVarsInLog = 0;
		};
/* End PBXShellScriptBuildPhase section */

/* Begin PBXSourcesBuildPhase section */
		1F67A7292976707800907A91 /* Sources */ = {
			isa = PBXSourcesBuildPhase;
			buildActionMask = 2147483647;
			files = (
				1F67A74A2976907B00907A91 /* ImagesCVC.swift in Sources */,
				1F67A7352976707800907A91 /* ViewController.swift in Sources */,
				1F67A74E2976908E00907A91 /* ColorsCVC.swift in Sources */,
				1F67A7512976915D00907A91 /* ExtensionManager.swift in Sources */,
				1F67A74629767C0C00907A91 /* DataModel.swift in Sources */,
				1F67A7312976707800907A91 /* AppDelegate.swift in Sources */,
				1F67A7332976707800907A91 /* SceneDelegate.swift in Sources */,
				1F67A7552977C70500907A91 /* ImageDetailViewController.swift in Sources */,
			);
			runOnlyForDeploymentPostprocessing = 0;
		};
/* End PBXSourcesBuildPhase section */

/* Begin PBXVariantGroup section */
		1F67A7362976707800907A91 /* Main.storyboard */ = {
			isa = PBXVariantGroup;
			children = (
				1F67A7372976707800907A91 /* Base */,
			);
			name = Main.storyboard;
			sourceTree = "<group>";
		};
		1F67A73B2976707A00907A91 /* LaunchScreen.storyboard */ = {
			isa = PBXVariantGroup;
			children = (
				1F67A73C2976707A00907A91 /* Base */,
			);
			name = LaunchScreen.storyboard;
			sourceTree = "<group>";
		};
/* End PBXVariantGroup section */

/* Begin XCBuildConfiguration section */
		1F67A73F2976707A00907A91 /* Debug */ = {
			isa = XCBuildConfiguration;
			buildSettings = {
				ALWAYS_SEARCH_USER_PATHS = NO;
				CLANG_ANALYZER_NONNULL = YES;
				CLANG_ANALYZER_NUMBER_OBJECT_CONVERSION = YES_AGGRESSIVE;
				CLANG_CXX_LANGUAGE_STANDARD = "gnu++14";
				CLANG_CXX_LIBRARY = "libc++";
				CLANG_ENABLE_MODULES = YES;
				CLANG_ENABLE_OBJC_ARC = YES;
				CLANG_ENABLE_OBJC_WEAK = YES;
				CLANG_WARN_BLOCK_CAPTURE_AUTORELEASING = YES;
				CLANG_WARN_BOOL_CONVERSION = YES;
				CLANG_WARN_COMMA = YES;
				CLANG_WARN_CONSTANT_CONVERSION = YES;
				CLANG_WARN_DEPRECATED_OBJC_IMPLEMENTATIONS = YES;
				CLANG_WARN_DIRECT_OBJC_ISA_USAGE = YES_ERROR;
				CLANG_WARN_DOCUMENTATION_COMMENTS = YES;
				CLANG_WARN_EMPTY_BODY = YES;
				CLANG_WARN_ENUM_CONVERSION = YES;
				CLANG_WARN_INFINITE_RECURSION = YES;
				CLANG_WARN_INT_CONVERSION = YES;
				CLANG_WARN_NON_LITERAL_NULL_CONVERSION = YES;
				CLANG_WARN_OBJC_IMPLICIT_RETAIN_SELF = YES;
				CLANG_WARN_OBJC_LITERAL_CONVERSION = YES;
				CLANG_WARN_OBJC_ROOT_CLASS = YES_ERROR;
				CLANG_WARN_QUOTED_INCLUDE_IN_FRAMEWORK_HEADER = YES;
				CLANG_WARN_RANGE_LOOP_ANALYSIS = YES;
				CLANG_WARN_STRICT_PROTOTYPES = YES;
				CLANG_WARN_SUSPICIOUS_MOVE = YES;
				CLANG_WARN_UNGUARDED_AVAILABILITY = YES_AGGRESSIVE;
				CLANG_WARN_UNREACHABLE_CODE = YES;
				CLANG_WARN__DUPLICATE_METHOD_MATCH = YES;
				COPY_PHASE_STRIP = NO;
				DEBUG_INFORMATION_FORMAT = dwarf;
				ENABLE_STRICT_OBJC_MSGSEND = YES;
				ENABLE_TESTABILITY = YES;
				GCC_C_LANGUAGE_STANDARD = gnu11;
				GCC_DYNAMIC_NO_PIC = NO;
				GCC_NO_COMMON_BLOCKS = YES;
				GCC_OPTIMIZATION_LEVEL = 0;
				GCC_PREPROCESSOR_DEFINITIONS = (
					"DEBUG=1",
					"$(inherited)",
				);
				GCC_WARN_64_TO_32_BIT_CONVERSION = YES;
				GCC_WARN_ABOUT_RETURN_TYPE = YES_ERROR;
				GCC_WARN_UNDECLARED_SELECTOR = YES;
				GCC_WARN_UNINITIALIZED_AUTOS = YES_AGGRESSIVE;
				GCC_WARN_UNUSED_FUNCTION = YES;
				GCC_WARN_UNUSED_VARIABLE = YES;
				IPHONEOS_DEPLOYMENT_TARGET = 14.5;
				MTL_ENABLE_DEBUG_INFO = INCLUDE_SOURCE;
				MTL_FAST_MATH = YES;
				ONLY_ACTIVE_ARCH = YES;
				SDKROOT = iphoneos;
				SWIFT_ACTIVE_COMPILATION_CONDITIONS = DEBUG;
				SWIFT_OPTIMIZATION_LEVEL = "-Onone";
			};
			name = Debug;
		};
		1F67A7402976707A00907A91 /* Release */ = {
			isa = XCBuildConfiguration;
			buildSettings = {
				ALWAYS_SEARCH_USER_PATHS = NO;
				CLANG_ANALYZER_NONNULL = YES;
				CLANG_ANALYZER_NUMBER_OBJECT_CONVERSION = YES_AGGRESSIVE;
				CLANG_CXX_LANGUAGE_STANDARD = "gnu++14";
				CLANG_CXX_LIBRARY = "libc++";
				CLANG_ENABLE_MODULES = YES;
				CLANG_ENABLE_OBJC_ARC = YES;
				CLANG_ENABLE_OBJC_WEAK = YES;
				CLANG_WARN_BLOCK_CAPTURE_AUTORELEASING = YES;
				CLANG_WARN_BOOL_CONVERSION = YES;
				CLANG_WARN_COMMA = YES;
				CLANG_WARN_CONSTANT_CONVERSION = YES;
				CLANG_WARN_DEPRECATED_OBJC_IMPLEMENTATIONS = YES;
				CLANG_WARN_DIRECT_OBJC_ISA_USAGE = YES_ERROR;
				CLANG_WARN_DOCUMENTATION_COMMENTS = YES;
				CLANG_WARN_EMPTY_BODY = YES;
				CLANG_WARN_ENUM_CONVERSION = YES;
				CLANG_WARN_INFINITE_RECURSION = YES;
				CLANG_WARN_INT_CONVERSION = YES;
				CLANG_WARN_NON_LITERAL_NULL_CONVERSION = YES;
				CLANG_WARN_OBJC_IMPLICIT_RETAIN_SELF = YES;
				CLANG_WARN_OBJC_LITERAL_CONVERSION = YES;
				CLANG_WARN_OBJC_ROOT_CLASS = YES_ERROR;
				CLANG_WARN_QUOTED_INCLUDE_IN_FRAMEWORK_HEADER = YES;
				CLANG_WARN_RANGE_LOOP_ANALYSIS = YES;
				CLANG_WARN_STRICT_PROTOTYPES = YES;
				CLANG_WARN_SUSPICIOUS_MOVE = YES;
				CLANG_WARN_UNGUARDED_AVAILABILITY = YES_AGGRESSIVE;
				CLANG_WARN_UNREACHABLE_CODE = YES;
				CLANG_WARN__DUPLICATE_METHOD_MATCH = YES;
				COPY_PHASE_STRIP = NO;
				DEBUG_INFORMATION_FORMAT = "dwarf-with-dsym";
				ENABLE_NS_ASSERTIONS = NO;
				ENABLE_STRICT_OBJC_MSGSEND = YES;
				GCC_C_LANGUAGE_STANDARD = gnu11;
				GCC_NO_COMMON_BLOCKS = YES;
				GCC_WARN_64_TO_32_BIT_CONVERSION = YES;
				GCC_WARN_ABOUT_RETURN_TYPE = YES_ERROR;
				GCC_WARN_UNDECLARED_SELECTOR = YES;
				GCC_WARN_UNINITIALIZED_AUTOS = YES_AGGRESSIVE;
				GCC_WARN_UNUSED_FUNCTION = YES;
				GCC_WARN_UNUSED_VARIABLE = YES;
				IPHONEOS_DEPLOYMENT_TARGET = 14.5;
				MTL_ENABLE_DEBUG_INFO = NO;
				MTL_FAST_MATH = YES;
				SDKROOT = iphoneos;
				SWIFT_COMPILATION_MODE = wholemodule;
				SWIFT_OPTIMIZATION_LEVEL = "-O";
				VALIDATE_PRODUCT = YES;
			};
			name = Release;
		};
		1F67A7422976707A00907A91 /* Debug */ = {
			isa = XCBuildConfiguration;
			baseConfigurationReference = 06DED8DF6805D4F68ED3C1DC /* Pods-ShoppingApp.debug.xcconfig */;
			buildSettings = {
				ASSETCATALOG_COMPILER_APPICON_NAME = AppIcon;
				ASSETCATALOG_COMPILER_GLOBAL_ACCENT_COLOR_NAME = AccentColor;
				CODE_SIGN_STYLE = Automatic;
				DEVELOPMENT_TEAM = D6F9YM7FN3;
				INFOPLIST_FILE = ShoppingApp/Info.plist;
				LD_RUNPATH_SEARCH_PATHS = (
					"$(inherited)",
					"@executable_path/Frameworks",
				);
				PRODUCT_BUNDLE_IDENTIFIER = AF.ShoppingApp;
				PRODUCT_NAME = "$(TARGET_NAME)";
				SWIFT_VERSION = 5.0;
				TARGETED_DEVICE_FAMILY = "1,2";
			};
			name = Debug;
		};
		1F67A7432976707A00907A91 /* Release */ = {
			isa = XCBuildConfiguration;
			baseConfigurationReference = D958E4691DDF5342D4341A4C /* Pods-ShoppingApp.release.xcconfig */;
			buildSettings = {
				ASSETCATALOG_COMPILER_APPICON_NAME = AppIcon;
				ASSETCATALOG_COMPILER_GLOBAL_ACCENT_COLOR_NAME = AccentColor;
				CODE_SIGN_STYLE = Automatic;
				DEVELOPMENT_TEAM = D6F9YM7FN3;
				INFOPLIST_FILE = ShoppingApp/Info.plist;
				LD_RUNPATH_SEARCH_PATHS = (
					"$(inherited)",
					"@executable_path/Frameworks",
				);
				PRODUCT_BUNDLE_IDENTIFIER = AF.ShoppingApp;
				PRODUCT_NAME = "$(TARGET_NAME)";
				SWIFT_VERSION = 5.0;
				TARGETED_DEVICE_FAMILY = "1,2";
			};
			name = Release;
		};
/* End XCBuildConfiguration section */

/* Begin XCConfigurationList section */
		1F67A7282976707800907A91 /* Build configuration list for PBXProject "ShoppingApp" */ = {
			isa = XCConfigurationList;
			buildConfigurations = (
				1F67A73F2976707A00907A91 /* Debug */,
				1F67A7402976707A00907A91 /* Release */,
			);
			defaultConfigurationIsVisible = 0;
			defaultConfigurationName = Release;
		};
		1F67A7412976707A00907A91 /* Build configuration list for PBXNativeTarget "ShoppingApp" */ = {
			isa = XCConfigurationList;
			buildConfigurations = (
				1F67A7422976707A00907A91 /* Debug */,
				1F67A7432976707A00907A91 /* Release */,
			);
			defaultConfigurationIsVisible = 0;
			defaultConfigurationName = Release;
		};
/* End XCConfigurationList section */
	};
	rootObject = 1F67A7252976707800907A91 /* Project object */;
}
